
Microsoft Visual Studio Solution File, Format Version 12.00
# Visual Studio Version 17
VisualStudioVersion = 17.10.34916.146
MinimumVisualStudioVersion = 10.0.40219.1
Project("{FAE04EC0-301F-11D3-BF4B-00C04F79EFBC}") = "ScreenShareMonitor", "ScreenShareMonitor\ScreenShareMonitor.csproj", "{16D59A2A-5A77-4DDB-A058-CC83CAFDB9BB}"
EndProject
Global
	GlobalSection(SolutionConfigurationPlatforms) = preSolution
		Debug|Any CPU = Debug|Any CPU
		Debug|x64 = Debug|x64
		Release|Any CPU = Release|Any CPU
		Release|x64 = Release|x64
	EndGlobalSection
	GlobalSection(ProjectConfigurationPlatforms) = postSolution
		{16D59A2A-5A77-4DDB-A058-CC83CAFDB9BB}.Debug|Any CPU.ActiveCfg = Debug|Any CPU
		{16D59A2A-5A77-4DDB-A058-CC83CAFDB9BB}.Debug|Any CPU.Build.0 = Debug|Any CPU
		{16D59A2A-5A77-4DDB-A058-CC83CAFDB9BB}.Debug|x64.ActiveCfg = Debug|x64
		{16D59A2A-5A77-4DDB-A058-CC83CAFDB9BB}.Debug|x64.Build.0 = Debug|x64
		{16D59A2A-5A77-4DDB-A058-CC83CAFDB9BB}.Release|Any CPU.ActiveCfg = Release|Any CPU
		{16D59A2A-5A77-4DDB-A058-CC83CAFDB9BB}.Release|Any CPU.Build.0 = Release|Any CPU
		{16D59A2A-5A77-4DDB-A058-CC83CAFDB9BB}.Release|x64.ActiveCfg = Release|x64
		{16D59A2A-5A77-4DDB-A058-CC83CAFDB9BB}.Release|x64.Build.0 = Release|x64
	EndGlobalSection
	GlobalSection(SolutionProperties) = preSolution
		HideSolutionNode = FALSE
	EndGlobalSection
	GlobalSection(ExtensibilityGlobals) = postSolution
		SolutionGuid = {38ED2342-3AFB-4B3B-9A0C-7C77FA290D87}
	EndGlobalSection
EndGlobal
